PODS:
  - Capacitor (7.4.1):
    - CapacitorCordova
  - CapacitorApp (7.0.1):
    - Capacitor
  - CapacitorCommunitySqlite (7.0.1):
    - Capacitor
    - SQLCipher
    - ZIPFoundation
  - CapacitorCordova (7.4.1)
  - CapacitorHaptics (7.0.1):
    - Capacitor
  - CapacitorKeyboard (7.0.1):
    - Capacitor
  - CapacitorNetwork (7.0.1):
    - Capacitor
  - CapacitorStatusBar (7.0.1):
    - Capacitor
  - SQLCipher (4.9.0):
    - SQLCipher/standard (= 4.9.0)
  - SQLCipher/common (4.9.0)
  - SQLCipher/standard (4.9.0):
    - SQLCipher/common
  - ZIPFoundation (0.9.19)

DEPENDENCIES:
  - "Capacitor (from `../../node_modules/@capacitor/ios`)"
  - "CapacitorApp (from `../../node_modules/@capacitor/app`)"
  - "CapacitorCommunitySqlite (from `../../node_modules/@capacitor-community/sqlite`)"
  - "CapacitorCordova (from `../../node_modules/@capacitor/ios`)"
  - "CapacitorHaptics (from `../../node_modules/@capacitor/haptics`)"
  - "CapacitorKeyboard (from `../../node_modules/@capacitor/keyboard`)"
  - "CapacitorNetwork (from `../../node_modules/@capacitor/network`)"
  - "CapacitorStatusBar (from `../../node_modules/@capacitor/status-bar`)"

SPEC REPOS:
  trunk:
    - SQLCipher
    - ZIPFoundation

EXTERNAL SOURCES:
  Capacitor:
    :path: "../../node_modules/@capacitor/ios"
  CapacitorApp:
    :path: "../../node_modules/@capacitor/app"
  CapacitorCommunitySqlite:
    :path: "../../node_modules/@capacitor-community/sqlite"
  CapacitorCordova:
    :path: "../../node_modules/@capacitor/ios"
  CapacitorHaptics:
    :path: "../../node_modules/@capacitor/haptics"
  CapacitorKeyboard:
    :path: "../../node_modules/@capacitor/keyboard"
  CapacitorNetwork:
    :path: "../../node_modules/@capacitor/network"
  CapacitorStatusBar:
    :path: "../../node_modules/@capacitor/status-bar"

SPEC CHECKSUMS:
  Capacitor: 78ad32d4b0d9dfa25402eb8b0ac46c2b8a4696b8
  CapacitorApp: febecbb9582cb353aed037e18ec765141f880fe9
  CapacitorCommunitySqlite: 8b2c6bab33e3519280811d481f8bd0fa90343e1b
  CapacitorCordova: 34618fa1b14b6b091fd60a7658f7654044ae8d8a
  CapacitorHaptics: 1f1e17041f435d8ead9ff2a34edd592c6aa6a8d6
  CapacitorKeyboard: 09fd91dcde4f8a37313e7f11bde553ad1ed52036
  CapacitorNetwork: 15cb4385f0913a8ceb5e9a4d7af1ec554bdb8de8
  CapacitorStatusBar: 6e7af040d8fc4dd655999819625cae9c2d74c36f
  SQLCipher: 31878d8ebd27e5c96db0b7cb695c96e9f8ad77da
  ZIPFoundation: b8c29ea7ae353b309bc810586181fd073cb3312c

PODFILE CHECKSUM: 37da19dd546f88664deb06247cce9d95cf7d9191

COCOAPODS: 1.16.2
